// !$*UTF8*$!
{
	archiveVersion = 1;
	classes = {
	};
	objectVersion = 55;
	objects = {

/* Begin PBXBuildFile section */
		04656FF5272BB48C006EFFBA /* Tests_iOS.swift in Sources */ = {isa = PBXBuildFile; fileRef = 04656FF4272BB48C006EFFBA /* Tests_iOS.swift */; };
		04656FF7272BB48C006EFFBA /* Tests_iOSLaunchTests.swift in Sources */ = {isa = PBXBuildFile; fileRef = 04656FF6272BB48C006EFFBA /* Tests_iOSLaunchTests.swift */; };
		04657001272BB48C006EFFBA /* Tests_macOS.swift in Sources */ = {isa = PBXBuildFile; fileRef = 04657000272BB48C006EFFBA /* Tests_macOS.swift */; };
		04657003272BB48C006EFFBA /* Tests_macOSLaunchTests.swift in Sources */ = {isa = PBXBuildFile; fileRef = 04657002272BB48C006EFFBA /* Tests_macOSLaunchTests.swift */; };
		04657004272BB48C006EFFBA /* Complete_UI5App.swift in Sources */ = {isa = PBXBuildFile; fileRef = 04656FDC272BB48B006EFFBA /* Complete_UI5App.swift */; };
		04657005272BB48C006EFFBA /* Complete_UI5App.swift in Sources */ = {isa = PBXBuildFile; fileRef = 04656FDC272BB48B006EFFBA /* Complete_UI5App.swift */; };
		04657006272BB48C006EFFBA /* ContentView.swift in Sources */ = {isa = PBXBuildFile; fileRef = 04656FDD272BB48B006EFFBA /* ContentView.swift */; };
		04657007272BB48C006EFFBA /* ContentView.swift in Sources */ = {isa = PBXBuildFile; fileRef = 04656FDD272BB48B006EFFBA /* ContentView.swift */; };
		04657008272BB48C006EFFBA /* Assets.xcassets in Resources */ = {isa = PBXBuildFile; fileRef = 04656FDE272BB48C006EFFBA /* Assets.xcassets */; };
		04657009272BB48C006EFFBA /* Assets.xcassets in Resources */ = {isa = PBXBuildFile; fileRef = 04656FDE272BB48C006EFFBA /* Assets.xcassets */; };
		0465701A272BCE20006EFFBA /* Home.swift in Sources */ = {isa = PBXBuildFile; fileRef = 04657019272BCE20006EFFBA /* Home.swift */; };
		0465701C272BDA52006EFFBA /* Corners.swift in Sources */ = {isa = PBXBuildFile; fileRef = 0465701B272BDA52006EFFBA /* Corners.swift */; };
		0465701E272BE570006EFFBA /* CardView.swift in Sources */ = {isa = PBXBuildFile; fileRef = 0465701D272BE570006EFFBA /* CardView.swift */; };
		04657021272BEB33006EFFBA /* Details.swift in Sources */ = {isa = PBXBuildFile; fileRef = 04657020272BEB33006EFFBA /* Details.swift */; };
/* End PBXBuildFile section */

/* Begin PBXContainerItemProxy section */
		04656FF1272BB48C006EFFBA /* PBXContainerItemProxy */ = {
			isa = PBXContainerItemProxy;
			containerPortal = 04656FD7272BB48B006EFFBA /* Project object */;
			proxyType = 1;
			remoteGlobalIDString = 04656FE2272BB48C006EFFBA;
			remoteInfo = "Complete UI5 (iOS)";
		};
		04656FFD272BB48C006EFFBA /* PBXContainerItemProxy */ = {
			isa = PBXContainerItemProxy;
			containerPortal = 04656FD7272BB48B006EFFBA /* Project object */;
			proxyType = 1;
			remoteGlobalIDString = 04656FE8272BB48C006EFFBA;
			remoteInfo = "Complete UI5 (macOS)";
		};
/* End PBXContainerItemProxy section */

/* Begin PBXFileReference section */
		04656FDC272BB48B006EFFBA /* Complete_UI5App.swift */ = {isa = PBXFileReference; lastKnownFileType = sourcecode.swift; path = Complete_UI5App.swift; sourceTree = "<group>"; };
		04656FDD272BB48B006EFFBA /* ContentView.swift */ = {isa = PBXFileReference; lastKnownFileType = sourcecode.swift; path = ContentView.swift; sourceTree = "<group>"; };
		04656FDE272BB48C006EFFBA /* Assets.xcassets */ = {isa = PBXFileReference; lastKnownFileType = folder.assetcatalog; path = Assets.xcassets; sourceTree = "<group>"; };
		04656FE3272BB48C006EFFBA /* Complete UI5.app */ = {isa = PBXFileReference; explicitFileType = wrapper.application; includeInIndex = 0; path = "Complete UI5.app"; sourceTree = BUILT_PRODUCTS_DIR; };
		04656FE9272BB48C006EFFBA /* Complete UI5.app */ = {isa = PBXFileReference; explicitFileType = wrapper.application; includeInIndex = 0; path = "Complete UI5.app"; sourceTree = BUILT_PRODUCTS_DIR; };
		04656FEB272BB48C006EFFBA /* macOS.entitlements */ = {isa = PBXFileReference; lastKnownFileType = text.plist.entitlements; path = macOS.entitlements; sourceTree = "<group>"; };
		04656FF0272BB48C006EFFBA /* Tests iOS.xctest */ = {isa = PBXFileReference; explicitFileType = wrapper.cfbundle; includeInIndex = 0; path = "Tests iOS.xctest"; sourceTree = BUILT_PRODUCTS_DIR; };
		04656FF4272BB48C006EFFBA /* Tests_iOS.swift */ = {isa = PBXFileReference; lastKnownFileType = sourcecode.swift; path = Tests_iOS.swift; sourceTree = "<group>"; };
		04656FF6272BB48C006EFFBA /* Tests_iOSLaunchTests.swift */ = {isa = PBXFileReference; lastKnownFileType = sourcecode.swift; path = Tests_iOSLaunchTests.swift; sourceTree = "<group>"; };
		04656FFC272BB48C006EFFBA /* Tests macOS.xctest */ = {isa = PBXFileReference; explicitFileType = wrapper.cfbundle; includeInIndex = 0; path = "Tests macOS.xctest"; sourceTree = BUILT_PRODUCTS_DIR; };
		04657000272BB48C006EFFBA /* Tests_macOS.swift */ = {isa = PBXFileReference; lastKnownFileType = sourcecode.swift; path = Tests_macOS.swift; sourceTree = "<group>"; };
		04657002272BB48C006EFFBA /* Tests_macOSLaunchTests.swift */ = {isa = PBXFileReference; lastKnownFileType = sourcecode.swift; path = Tests_macOSLaunchTests.swift; sourceTree = "<group>"; };
		04657019272BCE20006EFFBA /* Home.swift */ = {isa = PBXFileReference; lastKnownFileType = sourcecode.swift; path = Home.swift; sourceTree = "<group>"; };
		0465701B272BDA52006EFFBA /* Corners.swift */ = {isa = PBXFileReference; lastKnownFileType = sourcecode.swift; path = Corners.swift; sourceTree = "<group>"; };
		0465701D272BE570006EFFBA /* CardView.swift */ = {isa = PBXFileReference; lastKnownFileType = sourcecode.swift; path = CardView.swift; sourceTree = "<group>"; };
		04657020272BEB33006EFFBA /* Details.swift */ = {isa = PBXFileReference; lastKnownFileType = sourcecode.swift; path = Details.swift; sourceTree = "<group>"; };
/* End PBXFileReference section */

/* Begin PBXFrameworksBuildPhase section */
		04656FE0272BB48C006EFFBA /* Frameworks */ = {
			isa = PBXFrameworksBuildPhase;
			buildActionMask = 2147483647;
			files = (
			);
			runOnlyForDeploymentPostprocessing = 0;
		};
		04656FE6272BB48C006EFFBA /* Frameworks */ = {
			isa = PBXFrameworksBuildPhase;
			buildActionMask = 2147483647;
			files = (
			);
			runOnlyForDeploymentPostprocessing = 0;
		};
		04656FED272BB48C006EFFBA /* Frameworks */ = {
			isa = PBXFrameworksBuildPhase;
			buildActionMask = 2147483647;
			files = (
			);
			runOnlyForDeploymentPostprocessing = 0;
		};
		04656FF9272BB48C006EFFBA /* Frameworks */ = {
			isa = PBXFrameworksBuildPhase;
			buildActionMask = 2147483647;
			files = (
			);
			runOnlyForDeploymentPostprocessing = 0;
		};
/* End PBXFrameworksBuildPhase section */

/* Begin PBXGroup section */
		04656FD6272BB48B006EFFBA = {
			isa = PBXGroup;
			children = (
				04656FDB272BB48B006EFFBA /* Shared */,
				04656FEA272BB48C006EFFBA /* macOS */,
				04656FF3272BB48C006EFFBA /* Tests iOS */,
				04656FFF272BB48C006EFFBA /* Tests macOS */,
				04656FE4272BB48C006EFFBA /* Products */,
			);
			sourceTree = "<group>";
		};
		04656FDB272BB48B006EFFBA /* Shared */ = {
			isa = PBXGroup;
			children = (
				0465701F272BEB20006EFFBA /* Model */,
				04657018272BCE12006EFFBA /* View */,
				04656FDC272BB48B006EFFBA /* Complete_UI5App.swift */,
				04656FDD272BB48B006EFFBA /* ContentView.swift */,
				04656FDE272BB48C006EFFBA /* Assets.xcassets */,
			);
			path = Shared;
			sourceTree = "<group>";
		};
		04656FE4272BB48C006EFFBA /* Products */ = {
			isa = PBXGroup;
			children = (
				04656FE3272BB48C006EFFBA /* Complete UI5.app */,
				04656FE9272BB48C006EFFBA /* Complete UI5.app */,
				04656FF0272BB48C006EFFBA /* Tests iOS.xctest */,
				04656FFC272BB48C006EFFBA /* Tests macOS.xctest */,
			);
			name = Products;
			sourceTree = "<group>";
		};
		04656FEA272BB48C006EFFBA /* macOS */ = {
			isa = PBXGroup;
			children = (
				04656FEB272BB48C006EFFBA /* macOS.entitlements */,
			);
			path = macOS;
			sourceTree = "<group>";
		};
		04656FF3272BB48C006EFFBA /* Tests iOS */ = {
			isa = PBXGroup;
			children = (
				04656FF4272BB48C006EFFBA /* Tests_iOS.swift */,
				04656FF6272BB48C006EFFBA /* Tests_iOSLaunchTests.swift */,
			);
			path = "Tests iOS";
			sourceTree = "<group>";
		};
		04656FFF272BB48C006EFFBA /* Tests macOS */ = {
			isa = PBXGroup;
			children = (
				04657000272BB48C006EFFBA /* Tests_macOS.swift */,
				04657002272BB48C006EFFBA /* Tests_macOSLaunchTests.swift */,
			);
			path = "Tests macOS";
			sourceTree = "<group>";
		};
		04657018272BCE12006EFFBA /* View */ = {
			isa = PBXGroup;
			children = (
				04657019272BCE20006EFFBA /* Home.swift */,
				0465701B272BDA52006EFFBA /* Corners.swift */,
				0465701D272BE570006EFFBA /* CardView.swift */,
			);
			path = View;
			sourceTree = "<group>";
		};
		0465701F272BEB20006EFFBA /* Model */ = {
			isa = PBXGroup;
			children = (
				04657020272BEB33006EFFBA /* Details.swift */,
			);
			path = Model;
			sourceTree = "<group>";
		};
/* End PBXGroup section */

/* Begin PBXNativeTarget section */
		04656FE2272BB48C006EFFBA /* Complete UI5 (iOS) */ = {
			isa = PBXNativeTarget;
			buildConfigurationList = 0465700C272BB48C006EFFBA /* Build configuration list for PBXNativeTarget "Complete UI5 (iOS)" */;
			buildPhases = (
				04656FDF272BB48C006EFFBA /* Sources */,
				04656FE0272BB48C006EFFBA /* Frameworks */,
				04656FE1272BB48C006EFFBA /* Resources */,
			);
			buildRules = (
			);
			dependencies = (
			);
			name = "Complete UI5 (iOS)";
			productName = "Complete UI5 (iOS)";
			productReference = 04656FE3272BB48C006EFFBA /* Complete UI5.app */;
			productType = "com.apple.product-type.application";
		};
		04656FE8272BB48C006EFFBA /* Complete UI5 (macOS) */ = {
			isa = PBXNativeTarget;
			buildConfigurationList = 0465700F272BB48C006EFFBA /* Build configuration list for PBXNativeTarget "Complete UI5 (macOS)" */;
			buildPhases = (
				04656FE5272BB48C006EFFBA /* Sources */,
				04656FE6272BB48C006EFFBA /* Frameworks */,
				04656FE7272BB48C006EFFBA /* Resources */,
			);
			buildRules = (
			);
			dependencies = (
			);
			name = "Complete UI5 (macOS)";
			productName = "Complete UI5 (macOS)";
			productReference = 04656FE9272BB48C006EFFBA /* Complete UI5.app */;
			productType = "com.apple.product-type.application";
		};
		04656FEF272BB48C006EFFBA /* Tests iOS */ = {
			isa = PBXNativeTarget;
			buildConfigurationList = 04657012272BB48C006EFFBA /* Build configuration list for PBXNativeTarget "Tests iOS" */;
			buildPhases = (
				04656FEC272BB48C006EFFBA /* Sources */,
				04656FED272BB48C006EFFBA /* Frameworks */,
				04656FEE272BB48C006EFFBA /* Resources */,
			);
			buildRules = (
			);
			dependencies = (
				04656FF2272BB48C006EFFBA /* PBXTargetDependency */,
			);
			name = "Tests iOS";
			productName = "Tests iOS";
			productReference = 04656FF0272BB48C006EFFBA /* Tests iOS.xctest */;
			productType = "com.apple.product-type.bundle.ui-testing";
		};
		04656FFB272BB48C006EFFBA /* Tests macOS */ = {
			isa = PBXNativeTarget;
			buildConfigurationList = 04657015272BB48C006EFFBA /* Build configuration list for PBXNativeTarget "Tests macOS" */;
			buildPhases = (
				04656FF8272BB48C006EFFBA /* Sources */,
				04656FF9272BB48C006EFFBA /* Frameworks */,
				04656FFA272BB48C006EFFBA /* Resources */,
			);
			buildRules = (
			);
			dependencies = (
				04656FFE272BB48C006EFFBA /* PBXTargetDependency */,
			);
			name = "Tests macOS";
			productName = "Tests macOS";
			productReference = 04656FFC272BB48C006EFFBA /* Tests macOS.xctest */;
			productType = "com.apple.product-type.bundle.ui-testing";
		};
/* End PBXNativeTarget section */

/* Begin PBXProject section */
		04656FD7272BB48B006EFFBA /* Project object */ = {
			isa = PBXProject;
			attributes = {
				BuildIndependentTargetsInParallel = 1;
				LastSwiftUpdateCheck = 1300;
				LastUpgradeCheck = 1300;
				TargetAttributes = {
					04656FE2272BB48C006EFFBA = {
						CreatedOnToolsVersion = 13.0;
					};
					04656FE8272BB48C006EFFBA = {
						CreatedOnToolsVersion = 13.0;
					};
					04656FEF272BB48C006EFFBA = {
						CreatedOnToolsVersion = 13.0;
						TestTargetID = 04656FE2272BB48C006EFFBA;
					};
					04656FFB272BB48C006EFFBA = {
						CreatedOnToolsVersion = 13.0;
						TestTargetID = 04656FE8272BB48C006EFFBA;
					};
				};
			};
			buildConfigurationList = 04656FDA272BB48B006EFFBA /* Build configuration list for PBXProject "Complete UI5" */;
			compatibilityVersion = "Xcode 13.0";
			developmentRegion = en;
			hasScannedForEncodings = 0;
			knownRegions = (
				en,
				Base,
			);
			mainGroup = 04656FD6272BB48B006EFFBA;
			productRefGroup = 04656FE4272BB48C006EFFBA /* Products */;
			projectDirPath = "";
			projectRoot = "";
			targets = (
				04656FE2272BB48C006EFFBA /* Complete UI5 (iOS) */,
				04656FE8272BB48C006EFFBA /* Complete UI5 (macOS) */,
				04656FEF272BB48C006EFFBA /* Tests iOS */,
				04656FFB272BB48C006EFFBA /* Tests macOS */,
			);
		};
/* End PBXProject section */

/* Begin PBXResourcesBuildPhase section */
		04656FE1272BB48C006EFFBA /* Resources */ = {
			isa = PBXResourcesBuildPhase;
			buildActionMask = 2147483647;
			files = (
				04657008272BB48C006EFFBA /* Assets.xcassets in Resources */,
			);
			runOnlyForDeploymentPostprocessing = 0;
		};
		04656FE7272BB48C006EFFBA /* Resources */ = {
			isa = PBXResourcesBuildPhase;
			buildActionMask = 2147483647;
			files = (
				04657009272BB48C006EFFBA /* Assets.xcassets in Resources */,
			);
			runOnlyForDeploymentPostprocessing = 0;
		};
		04656FEE272BB48C006EFFBA /* Resources */ = {
			isa = PBXResourcesBuildPhase;
			buildActionMask = 2147483647;
			files = (
			);
			runOnlyForDeploymentPostprocessing = 0;
		};
		04656FFA272BB48C006EFFBA /* Resources */ = {
			isa = PBXResourcesBuildPhase;
			buildActionMask = 2147483647;
			files = (
			);
			runOnlyForDeploymentPostprocessing = 0;
		};
/* End PBXResourcesBuildPhase section */

/* Begin PBXSourcesBuildPhase section */
		04656FDF272BB48C006EFFBA /* Sources */ = {
			isa = PBXSourcesBuildPhase;
			buildActionMask = 2147483647;
			files = (
				0465701C272BDA52006EFFBA /* Corners.swift in Sources */,
				04657006272BB48C006EFFBA /* ContentView.swift in Sources */,
				04657021272BEB33006EFFBA /* Details.swift in Sources */,
				0465701A272BCE20006EFFBA /* Home.swift in Sources */,
				04657004272BB48C006EFFBA /* Complete_UI5App.swift in Sources */,
				0465701E272BE570006EFFBA /* CardView.swift in Sources */,
			);
			runOnlyForDeploymentPostprocessing = 0;
		};
		04656FE5272BB48C006EFFBA /* Sources */ = {
			isa = PBXSourcesBuildPhase;
			buildActionMask = 2147483647;
			files = (
				04657007272BB48C006EFFBA /* ContentView.swift in Sources */,
				04657005272BB48C006EFFBA /* Complete_UI5App.swift in Sources */,
			);
			runOnlyForDeploymentPostprocessing = 0;
		};
		04656FEC272BB48C006EFFBA /* Sources */ = {
			isa = PBXSourcesBuildPhase;
			buildActionMask = 2147483647;
			files = (
				04656FF7272BB48C006EFFBA /* Tests_iOSLaunchTests.swift in Sources */,
				04656FF5272BB48C006EFFBA /* Tests_iOS.swift in Sources */,
			);
			runOnlyForDeploymentPostprocessing = 0;
		};
		04656FF8272BB48C006EFFBA /* Sources */ = {
			isa = PBXSourcesBuildPhase;
			buildActionMask = 2147483647;
			files = (
				04657003272BB48C006EFFBA /* Tests_macOSLaunchTests.swift in Sources */,
				04657001272BB48C006EFFBA /* Tests_macOS.swift in Sources */,
			);
			runOnlyForDeploymentPostprocessing = 0;
		};
/* End PBXSourcesBuildPhase section */

/* Begin PBXTargetDependency section */
		04656FF2272BB48C006EFFBA /* PBXTargetDependency */ = {
			isa = PBXTargetDependency;
			target = 04656FE2272BB48C006EFFBA /* Complete UI5 (iOS) */;
			targetProxy = 04656FF1272BB48C006EFFBA /* PBXContainerItemProxy */;
		};
		04656FFE272BB48C006EFFBA /* PBXTargetDependency */ = {
			isa = PBXTargetDependency;
			target = 04656FE8272BB48C006EFFBA /* Complete UI5 (macOS) */;
			targetProxy = 04656FFD272BB48C006EFFBA /* PBXContainerItemProxy */;
		};
/* End PBXTargetDependency section */

/* Begin XCBuildConfiguration section */
		0465700A272BB48C006EFFBA /* Debug */ = {
			isa = XCBuildConfiguration;
			buildSettings = {
				ALWAYS_SEARCH_USER_PATHS = NO;
				CLANG_ANALYZER_NONNULL = YES;
				CLANG_ANALYZER_NUMBER_OBJECT_CONVERSION = YES_AGGRESSIVE;
				CLANG_CXX_LANGUAGE_STANDARD = "gnu++17";
				CLANG_CXX_LIBRARY = "libc++";
				CLANG_ENABLE_MODULES = YES;
				CLANG_ENABLE_OBJC_ARC = YES;
				CLANG_ENABLE_OBJC_WEAK = YES;
				CLANG_WARN_BLOCK_CAPTURE_AUTORELEASING = YES;
				CLANG_WARN_BOOL_CONVERSION = YES;
				CLANG_WARN_COMMA = YES;
				CLANG_WARN_CONSTANT_CONVERSION = YES;
				CLANG_WARN_DEPRECATED_OBJC_IMPLEMENTATIONS = YES;
				CLANG_WARN_DIRECT_OBJC_ISA_USAGE = YES_ERROR;
				CLANG_WARN_DOCUMENTATION_COMMENTS = YES;
				CLANG_WARN_EMPTY_BODY = YES;
				CLANG_WARN_ENUM_CONVERSION = YES;
				CLANG_WARN_INFINITE_RECURSION = YES;
				CLANG_WARN_INT_CONVERSION = YES;
				CLANG_WARN_NON_LITERAL_NULL_CONVERSION = YES;
				CLANG_WARN_OBJC_IMPLICIT_RETAIN_SELF = YES;
				CLANG_WARN_OBJC_LITERAL_CONVERSION = YES;
				CLANG_WARN_OBJC_ROOT_CLASS = YES_ERROR;
				CLANG_WARN_QUOTED_INCLUDE_IN_FRAMEWORK_HEADER = YES;
				CLANG_WARN_RANGE_LOOP_ANALYSIS = YES;
				CLANG_WARN_STRICT_PROTOTYPES = YES;
				CLANG_WARN_SUSPICIOUS_MOVE = YES;
				CLANG_WARN_UNGUARDED_AVAILABILITY = YES_AGGRESSIVE;
				CLANG_WARN_UNREACHABLE_CODE = YES;
				CLANG_WARN__DUPLICATE_METHOD_MATCH = YES;
				COPY_PHASE_STRIP = NO;
				DEBUG_INFORMATION_FORMAT = dwarf;
				ENABLE_STRICT_OBJC_MSGSEND = YES;
				ENABLE_TESTABILITY = YES;
				GCC_C_LANGUAGE_STANDARD = gnu11;
				GCC_DYNAMIC_NO_PIC = NO;
				GCC_NO_COMMON_BLOCKS = YES;
				GCC_OPTIMIZATION_LEVEL = 0;
				GCC_PREPROCESSOR_DEFINITIONS = (
					"DEBUG=1",
					"$(inherited)",
				);
				GCC_WARN_64_TO_32_BIT_CONVERSION = YES;
				GCC_WARN_ABOUT_RETURN_TYPE = YES_ERROR;
				GCC_WARN_UNDECLARED_SELECTOR = YES;
				GCC_WARN_UNINITIALIZED_AUTOS = YES_AGGRESSIVE;
				GCC_WARN_UNUSED_FUNCTION = YES;
				GCC_WARN_UNUSED_VARIABLE = YES;
				MTL_ENABLE_DEBUG_INFO = INCLUDE_SOURCE;
				MTL_FAST_MATH = YES;
				ONLY_ACTIVE_ARCH = YES;
				SWIFT_ACTIVE_COMPILATION_CONDITIONS = DEBUG;
				SWIFT_OPTIMIZATION_LEVEL = "-Onone";
			};
			name = Debug;
		};
		0465700B272BB48C006EFFBA /* Release */ = {
			isa = XCBuildConfiguration;
			buildSettings = {
				ALWAYS_SEARCH_USER_PATHS = NO;
				CLANG_ANALYZER_NONNULL = YES;
				CLANG_ANALYZER_NUMBER_OBJECT_CONVERSION = YES_AGGRESSIVE;
				CLANG_CXX_LANGUAGE_STANDARD = "gnu++17";
				CLANG_CXX_LIBRARY = "libc++";
				CLANG_ENABLE_MODULES = YES;
				CLANG_ENABLE_OBJC_ARC = YES;
				CLANG_ENABLE_OBJC_WEAK = YES;
				CLANG_WARN_BLOCK_CAPTURE_AUTORELEASING = YES;
				CLANG_WARN_BOOL_CONVERSION = YES;
				CLANG_WARN_COMMA = YES;
				CLANG_WARN_CONSTANT_CONVERSION = YES;
				CLANG_WARN_DEPRECATED_OBJC_IMPLEMENTATIONS = YES;
				CLANG_WARN_DIRECT_OBJC_ISA_USAGE = YES_ERROR;
				CLANG_WARN_DOCUMENTATION_COMMENTS = YES;
				CLANG_WARN_EMPTY_BODY = YES;
				CLANG_WARN_ENUM_CONVERSION = YES;
				CLANG_WARN_INFINITE_RECURSION = YES;
				CLANG_WARN_INT_CONVERSION = YES;
				CLANG_WARN_NON_LITERAL_NULL_CONVERSION = YES;
				CLANG_WARN_OBJC_IMPLICIT_RETAIN_SELF = YES;
				CLANG_WARN_OBJC_LITERAL_CONVERSION = YES;
				CLANG_WARN_OBJC_ROOT_CLASS = YES_ERROR;
				CLANG_WARN_QUOTED_INCLUDE_IN_FRAMEWORK_HEADER = YES;
				CLANG_WARN_RANGE_LOOP_ANALYSIS = YES;
				CLANG_WARN_STRICT_PROTOTYPES = YES;
				CLANG_WARN_SUSPICIOUS_MOVE = YES;
				CLANG_WARN_UNGUARDED_AVAILABILITY = YES_AGGRESSIVE;
				CLANG_WARN_UNREACHABLE_CODE = YES;
				CLANG_WARN__DUPLICATE_METHOD_MATCH = YES;
				COPY_PHASE_STRIP = NO;
				DEBUG_INFORMATION_FORMAT = "dwarf-with-dsym";
				ENABLE_NS_ASSERTIONS = NO;
				ENABLE_STRICT_OBJC_MSGSEND = YES;
				GCC_C_LANGUAGE_STANDARD = gnu11;
				GCC_NO_COMMON_BLOCKS = YES;
				GCC_WARN_64_TO_32_BIT_CONVERSION = YES;
				GCC_WARN_ABOUT_RETURN_TYPE = YES_ERROR;
				GCC_WARN_UNDECLARED_SELECTOR = YES;
				GCC_WARN_UNINITIALIZED_AUTOS = YES_AGGRESSIVE;
				GCC_WARN_UNUSED_FUNCTION = YES;
				GCC_WARN_UNUSED_VARIABLE = YES;
				MTL_ENABLE_DEBUG_INFO = NO;
				MTL_FAST_MATH = YES;
				SWIFT_COMPILATION_MODE = wholemodule;
				SWIFT_OPTIMIZATION_LEVEL = "-O";
			};
			name = Release;
		};
		0465700D272BB48C006EFFBA /* Debug */ = {
			isa = XCBuildConfiguration;
			buildSettings = {
				ASSETCATALOG_COMPILER_APPICON_NAME = AppIcon;
				ASSETCATALOG_COMPILER_GLOBAL_ACCENT_COLOR_NAME = AccentColor;
				CODE_SIGN_STYLE = Automatic;
				CURRENT_PROJECT_VERSION = 1;
				DEVELOPMENT_TEAM = G264P6PRVG;
				ENABLE_PREVIEWS = YES;
				GENERATE_INFOPLIST_FILE = YES;
				INFOPLIST_KEY_UIApplicationSceneManifest_Generation = YES;
				INFOPLIST_KEY_UIApplicationSupportsIndirectInputEvents = YES;
				INFOPLIST_KEY_UILaunchScreen_Generation = YES;
				INFOPLIST_KEY_UISupportedInterfaceOrientations_iPad = "UIInterfaceOrientationPortrait UIInterfaceOrientationPortraitUpsideDown UIInterfaceOrientationLandscapeLeft UIInterfaceOrientationLandscapeRight";
				INFOPLIST_KEY_UISupportedInterfaceOrientations_iPhone = "UIInterfaceOrientationPortrait UIInterfaceOrientationLandscapeLeft UIInterfaceOrientationLandscapeRight";
				IPHONEOS_DEPLOYMENT_TARGET = 14.0;
				LD_RUNPATH_SEARCH_PATHS = (
					"$(inherited)",
					"@executable_path/Frameworks",
				);
				MARKETING_VERSION = 1.0;
				PRODUCT_BUNDLE_IDENTIFIER = "com.Complete.UI.Complete-UI5";
				PRODUCT_NAME = "Complete UI5";
				SDKROOT = iphoneos;
				SWIFT_EMIT_LOC_STRINGS = YES;
				SWIFT_VERSION = 5.0;
				TARGETED_DEVICE_FAMILY = "1,2";
			};
			name = Debug;
		};
		0465700E272BB48C006EFFBA /* Release */ = {
			isa = XCBuildConfiguration;
			buildSettings = {
				ASSETCATALOG_COMPILER_APPICON_NAME = AppIcon;
				ASSETCATALOG_COMPILER_GLOBAL_ACCENT_COLOR_NAME = AccentColor;
				CODE_SIGN_STYLE = Automatic;
				CURRENT_PROJECT_VERSION = 1;
				DEVELOPMENT_TEAM = G264P6PRVG;
				ENABLE_PREVIEWS = YES;
				GENERATE_INFOPLIST_FILE = YES;
				INFOPLIST_KEY_UIApplicationSceneManifest_Generation = YES;
				INFOPLIST_KEY_UIApplicationSupportsIndirectInputEvents = YES;
				INFOPLIST_KEY_UILaunchScreen_Generation = YES;
				INFOPLIST_KEY_UISupportedInterfaceOrientations_iPad = "UIInterfaceOrientationPortrait UIInterfaceOrientationPortraitUpsideDown UIInterfaceOrientationLandscapeLeft UIInterfaceOrientationLandscapeRight";
				INFOPLIST_KEY_UISupportedInterfaceOrientations_iPhone = "UIInterfaceOrientationPortrait UIInterfaceOrientationLandscapeLeft UIInterfaceOrientationLandscapeRight";
				IPHONEOS_DEPLOYMENT_TARGET = 14.0;
				LD_RUNPATH_SEARCH_PATHS = (
					"$(inherited)",
					"@executable_path/Frameworks",
				);
				MARKETING_VERSION = 1.0;
				PRODUCT_BUNDLE_IDENTIFIER = "com.Complete.UI.Complete-UI5";
				PRODUCT_NAME = "Complete UI5";
				SDKROOT = iphoneos;
				SWIFT_EMIT_LOC_STRINGS = YES;
				SWIFT_VERSION = 5.0;
				TARGETED_DEVICE_FAMILY = "1,2";
				VALIDATE_PRODUCT = YES;
			};
			name = Release;
		};
		04657010272BB48C006EFFBA /* Debug */ = {
			isa = XCBuildConfiguration;
			buildSettings = {
				ASSETCATALOG_COMPILER_APPICON_NAME = AppIcon;
				ASSETCATALOG_COMPILER_GLOBAL_ACCENT_COLOR_NAME = AccentColor;
				CODE_SIGN_ENTITLEMENTS = macOS/macOS.entitlements;
				CODE_SIGN_STYLE = Automatic;
				COMBINE_HIDPI_IMAGES = YES;
				CURRENT_PROJECT_VERSION = 1;
				DEVELOPMENT_TEAM = G264P6PRVG;
				ENABLE_HARDENED_RUNTIME = YES;
				ENABLE_PREVIEWS = YES;
				GENERATE_INFOPLIST_FILE = YES;
				INFOPLIST_KEY_NSHumanReadableCopyright = "";
				LD_RUNPATH_SEARCH_PATHS = (
					"$(inherited)",
					"@executable_path/../Frameworks",
				);
				MACOSX_DEPLOYMENT_TARGET = 11.0;
				MARKETING_VERSION = 1.0;
				PRODUCT_BUNDLE_IDENTIFIER = "com.Complete.UI.Complete-UI5";
				PRODUCT_NAME = "Complete UI5";
				SDKROOT = macosx;
				SWIFT_EMIT_LOC_STRINGS = YES;
				SWIFT_VERSION = 5.0;
			};
			name = Debug;
		};
		04657011272BB48C006EFFBA /* Release */ = {
			isa = XCBuildConfiguration;
			buildSettings = {
				ASSETCATALOG_COMPILER_APPICON_NAME = AppIcon;
				ASSETCATALOG_COMPILER_GLOBAL_ACCENT_COLOR_NAME = AccentColor;
				CODE_SIGN_ENTITLEMENTS = macOS/macOS.entitlements;
				CODE_SIGN_STYLE = Automatic;
				COMBINE_HIDPI_IMAGES = YES;
				CURRENT_PROJECT_VERSION = 1;
				DEVELOPMENT_TEAM = G264P6PRVG;
				ENABLE_HARDENED_RUNTIME = YES;
				ENABLE_PREVIEWS = YES;
				GENERATE_INFOPLIST_FILE = YES;
				INFOPLIST_KEY_NSHumanReadableCopyright = "";
				LD_RUNPATH_SEARCH_PATHS = (
					"$(inherited)",
					"@executable_path/../Frameworks",
				);
				MACOSX_DEPLOYMENT_TARGET = 11.0;
				MARKETING_VERSION = 1.0;
				PRODUCT_BUNDLE_IDENTIFIER = "com.Complete.UI.Complete-UI5";
				PRODUCT_NAME = "Complete UI5";
				SDKROOT = macosx;
				SWIFT_EMIT_LOC_STRINGS = YES;
				SWIFT_VERSION = 5.0;
			};
			name = Release;
		};
		04657013272BB48C006EFFBA /* Debug */ = {
			isa = XCBuildConfiguration;
			buildSettings = {
				ALWAYS_EMBED_SWIFT_STANDARD_LIBRARIES = YES;
				CODE_SIGN_STYLE = Automatic;
				CURRENT_PROJECT_VERSION = 1;
				DEVELOPMENT_TEAM = G264P6PRVG;
				GENERATE_INFOPLIST_FILE = YES;
				IPHONEOS_DEPLOYMENT_TARGET = 15.0;
				LD_RUNPATH_SEARCH_PATHS = (
					"$(inherited)",
					"@executable_path/Frameworks",
					"@loader_path/Frameworks",
				);
				MARKETING_VERSION = 1.0;
				PRODUCT_BUNDLE_IDENTIFIER = "com.Complete.UI.Tests-iOS";
				PRODUCT_NAME = "$(TARGET_NAME)";
				SDKROOT = iphoneos;
				SWIFT_EMIT_LOC_STRINGS = NO;
				SWIFT_VERSION = 5.0;
				TARGETED_DEVICE_FAMILY = "1,2";
				TEST_TARGET_NAME = "Complete UI5 (iOS)";
			};
			name = Debug;
		};
		04657014272BB48C006EFFBA /* Release */ = {
			isa = XCBuildConfiguration;
			buildSettings = {
				ALWAYS_EMBED_SWIFT_STANDARD_LIBRARIES = YES;
				CODE_SIGN_STYLE = Automatic;
				CURRENT_PROJECT_VERSION = 1;
				DEVELOPMENT_TEAM = G264P6PRVG;
				GENERATE_INFOPLIST_FILE = YES;
				IPHONEOS_DEPLOYMENT_TARGET = 15.0;
				LD_RUNPATH_SEARCH_PATHS = (
					"$(inherited)",
					"@executable_path/Frameworks",
					"@loader_path/Frameworks",
				);
				MARKETING_VERSION = 1.0;
				PRODUCT_BUNDLE_IDENTIFIER = "com.Complete.UI.Tests-iOS";
				PRODUCT_NAME = "$(TARGET_NAME)";
				SDKROOT = iphoneos;
				SWIFT_EMIT_LOC_STRINGS = NO;
				SWIFT_VERSION = 5.0;
				TARGETED_DEVICE_FAMILY = "1,2";
				TEST_TARGET_NAME = "Complete UI5 (iOS)";
				VALIDATE_PRODUCT = YES;
			};
			name = Release;
		};
		04657016272BB48C006EFFBA /* Debug */ = {
			isa = XCBuildConfiguration;
			buildSettings = {
				ALWAYS_EMBED_SWIFT_STANDARD_LIBRARIES = YES;
				CODE_SIGN_STYLE = Automatic;
				COMBINE_HIDPI_IMAGES = YES;
				CURRENT_PROJECT_VERSION = 1;
				DEVELOPMENT_TEAM = G264P6PRVG;
				GENERATE_INFOPLIST_FILE = YES;
				LD_RUNPATH_SEARCH_PATHS = (
					"$(inherited)",
					"@executable_path/../Frameworks",
					"@loader_path/../Frameworks",
				);
				MACOSX_DEPLOYMENT_TARGET = 11.3;
				MARKETING_VERSION = 1.0;
				PRODUCT_BUNDLE_IDENTIFIER = "com.Complete.UI.Tests-macOS";
				PRODUCT_NAME = "$(TARGET_NAME)";
				SDKROOT = macosx;
				SWIFT_EMIT_LOC_STRINGS = NO;
				SWIFT_VERSION = 5.0;
				TEST_TARGET_NAME = "Complete UI5 (macOS)";
			};
			name = Debug;
		};
		04657017272BB48C006EFFBA /* Release */ = {
			isa = XCBuildConfiguration;
			buildSettings = {
				ALWAYS_EMBED_SWIFT_STANDARD_LIBRARIES = YES;
				CODE_SIGN_STYLE = Automatic;
				COMBINE_HIDPI_IMAGES = YES;
				CURRENT_PROJECT_VERSION = 1;
				DEVELOPMENT_TEAM = G264P6PRVG;
				GENERATE_INFOPLIST_FILE = YES;
				LD_RUNPATH_SEARCH_PATHS = (
					"$(inherited)",
					"@executable_path/../Frameworks",
					"@loader_path/../Frameworks",
				);
				MACOSX_DEPLOYMENT_TARGET = 11.3;
				MARKETING_VERSION = 1.0;
				PRODUCT_BUNDLE_IDENTIFIER = "com.Complete.UI.Tests-macOS";
				PRODUCT_NAME = "$(TARGET_NAME)";
				SDKROOT = macosx;
				SWIFT_EMIT_LOC_STRINGS = NO;
				SWIFT_VERSION = 5.0;
				TEST_TARGET_NAME = "Complete UI5 (macOS)";
			};
			name = Release;
		};
/* End XCBuildConfiguration section */

/* Begin XCConfigurationList section */
		04656FDA272BB48B006EFFBA /* Build configuration list for PBXProject "Complete UI5" */ = {
			isa = XCConfigurationList;
			buildConfigurations = (
				0465700A272BB48C006EFFBA /* Debug */,
				0465700B272BB48C006EFFBA /* Release */,
			);
			defaultConfigurationIsVisible = 0;
			defaultConfigurationName = Release;
		};
		0465700C272BB48C006EFFBA /* Build configuration list for PBXNativeTarget "Complete UI5 (iOS)" */ = {
			isa = XCConfigurationList;
			buildConfigurations = (
				0465700D272BB48C006EFFBA /* Debug */,
				0465700E272BB48C006EFFBA /* Release */,
			);
			defaultConfigurationIsVisible = 0;
			defaultConfigurationName = Release;
		};
		0465700F272BB48C006EFFBA /* Build configuration list for PBXNativeTarget "Complete UI5 (macOS)" */ = {
			isa = XCConfigurationList;
			buildConfigurations = (
				04657010272BB48C006EFFBA /* Debug */,
				04657011272BB48C006EFFBA /* Release */,
			);
			defaultConfigurationIsVisible = 0;
			defaultConfigurationName = Release;
		};
		04657012272BB48C006EFFBA /* Build configuration list for PBXNativeTarget "Tests iOS" */ = {
			isa = XCConfigurationList;
			buildConfigurations = (
				04657013272BB48C006EFFBA /* Debug */,
				04657014272BB48C006EFFBA /* Release */,
			);
			defaultConfigurationIsVisible = 0;
			defaultConfigurationName = Release;
		};
		04657015272BB48C006EFFBA /* Build configuration list for PBXNativeTarget "Tests macOS" */ = {
			isa = XCConfigurationList;
			buildConfigurations = (
				04657016272BB48C006EFFBA /* Debug */,
				04657017272BB48C006EFFBA /* Release */,
			);
			defaultConfigurationIsVisible = 0;
			defaultConfigurationName = Release;
		};
/* End XCConfigurationList section */
	};
	rootObject = 04656FD7272BB48B006EFFBA /* Project object */;
}
